
Microsoft Visual Studio Solution File, Format Version 12.00
# Visual Studio Version 16
VisualStudioVersion = 16.0.29025.244
MinimumVisualStudioVersion = 10.0.40219.1
Project("{FAE04EC0-301F-11D3-BF4B-00C04F79EFBC}") = "HackatonEchoBot", "HackatonEchoBot.csproj", "{6B32D470-5777-4E17-9D28-787B40A91E62}"
EndProject
Project("{E53339B2-1760-4266-BCC7-CA923CBCF16C}") = "docker-compose", "docker-compose.dcproj", "{C844B41E-994B-4A0D-AA93-36EE2EBB487A}"
EndProject
Global
	GlobalSection(SolutionConfigurationPlatforms) = preSolution
		Debug|Any CPU = Debug|Any CPU
		Release|Any CPU = Release|Any CPU
	EndGlobalSection
	GlobalSection(ProjectConfigurationPlatforms) = postSolution
		{6B32D470-5777-4E17-9D28-787B40A91E62}.Debug|Any CPU.ActiveCfg = Debug|Any CPU
		{6B32D470-5777-4E17-9D28-787B40A91E62}.Debug|Any CPU.Build.0 = Debug|Any CPU
		{6B32D470-5777-4E17-9D28-787B40A91E62}.Release|Any CPU.ActiveCfg = Release|Any CPU
		{6B32D470-5777-4E17-9D28-787B40A91E62}.Release|Any CPU.Build.0 = Release|Any CPU
		{C844B41E-994B-4A0D-AA93-36EE2EBB487A}.Debug|Any CPU.ActiveCfg = Debug|Any CPU
		{C844B41E-994B-4A0D-AA93-36EE2EBB487A}.Debug|Any CPU.Build.0 = Debug|Any CPU
		{C844B41E-994B-4A0D-AA93-36EE2EBB487A}.Release|Any CPU.ActiveCfg = Release|Any CPU
		{C844B41E-994B-4A0D-AA93-36EE2EBB487A}.Release|Any CPU.Build.0 = Release|Any CPU
	EndGlobalSection
	GlobalSection(SolutionProperties) = preSolution
		HideSolutionNode = FALSE
	EndGlobalSection
	GlobalSection(ExtensibilityGlobals) = postSolution
		SolutionGuid = {33BD0FB6-2A1B-4DEA-94CC-F28083CE5F90}
	EndGlobalSection
EndGlobal
